
Microsoft Visual Studio Solution File, Format Version 12.00
# Visual Studio Version 17
VisualStudioVersion = 17.11.35303.130
MinimumVisualStudioVersion = 10.0.40219.1
Project("{FAE04EC0-301F-11D3-BF4B-00C04F79EFBC}") = "LaptopsCLI", "LaptopsCLI\LaptopsCLI.csproj", "{6473C4D3-1362-4B9B-A258-0717F73C5672}"
EndProject
Global
	GlobalSection(SolutionConfigurationPlatforms) = preSolution
		Debug|Any CPU = Debug|Any CPU
		Release|Any CPU = Release|Any CPU
	EndGlobalSection
	GlobalSection(ProjectConfigurationPlatforms) = postSolution
		{6473C4D3-1362-4B9B-A258-0717F73C5672}.Debug|Any CPU.ActiveCfg = Debug|Any CPU
		{6473C4D3-1362-4B9B-A258-0717F73C5672}.Debug|Any CPU.Build.0 = Debug|Any CPU
		{6473C4D3-1362-4B9B-A258-0717F73C5672}.Release|Any CPU.ActiveCfg = Release|Any CPU
		{6473C4D3-1362-4B9B-A258-0717F73C5672}.Release|Any CPU.Build.0 = Release|Any CPU
	EndGlobalSection
	GlobalSection(SolutionProperties) = preSolution
		HideSolutionNode = FALSE
	EndGlobalSection
	GlobalSection(ExtensibilityGlobals) = postSolution
		SolutionGuid = {C38EE0D5-4E29-4FB0-B044-13394FDD8642}
	EndGlobalSection
EndGlobal
